{"SurveyEntry":{"SurveyID":"SV_0ctBMsqd6ytUM5v","SurveyName":"HomeOffice_Main","SurveyDescription":null,"SurveyOwnerID":"UR_b2Bnmfe5Cttw7gV","SurveyBrandID":"elteppk","DivisionID":null,"SurveyLanguage":"EN","SurveyActiveResponseSet":"RS_3xd5EdTchohX5ul","SurveyStatus":"Active","SurveyStartDate":"0000-00-00 00:00:00","SurveyExpirationDate":"0000-00-00 00:00:00","SurveyCreationDate":"2020-04-22 05:16:00","CreatorID":"UR_b2Bnmfe5Cttw7gV","LastModified":"2020-05-21 03:06:00","LastAccessed":"0000-00-00 00:00:00","LastActivated":"2020-04-22 05:56:23","Deleted":null},"SurveyElements":[{"SurveyID":"SV_0ctBMsqd6ytUM5v","Element":"BL","PrimaryAttribute":"Survey Blocks","SecondaryAttribute":null,"TertiaryAttribute":null,"Payload":[{"Type":"Default","Description":"body","ID":"BL_72nY41ixSfDYJet","BlockElements":[{"Type":"Question","QuestionID":"QID2"},{"Type":"Question","QuestionID":"QID4"},{"Type":"Question","QuestionID":"QID5"},{"Type":"Question","QuestionID":"QID6"},{"Type":"Question","QuestionID":"QID7"},{"Type":"Question","QuestionID":"QID8"},{"Type":"Question","QuestionID":"QID9"},{"Type":"Question","QuestionID":"QID10"},{"Type":"Question","QuestionID":"QID11"},{"Type":"Question","QuestionID":"QID12"},{"Type":"Question","QuestionID":"QID13"},{"Type":"Question","QuestionID":"QID14"},{"Type":"Question","QuestionID":"QID15"},{"Type":"Question","QuestionID":"QID16"},{"Type":"Question","QuestionID":"QID17"},{"Type":"Question","QuestionID":"QID18"},{"Type":"Question","QuestionID":"QID19"},{"Type":"Question","QuestionID":"QID20"},{"Type":"Question","QuestionID":"QID21"},{"Type":"Question","QuestionID":"QID22"},{"Type":"Question","QuestionID":"QID23"},{"Type":"Question","QuestionID":"QID27"},{"Type":"Question","QuestionID":"QID24"}],"Options":{"BlockLocking":"false","RandomizeQuestions":"false","PreviousButton":"","previousButtonMID":"","NextButton":"Submit","nextButtonMID":"","previousButtonLibraryID":"","nextButtonLibraryID":""}},{"Type":"Trash","Description":"Trash \/ Unused Questions","ID":"BL_1IfoZ19kjthTp4h","BlockElements":[{"Type":"Question","QuestionID":"QID3"}]},{"Type":"Standard","SubType":"","Description":"display_logic","ID":"BL_byffPExui8Vreeh","Options":{"BlockLocking":"false","RandomizeQuestions":"false","BlockVisibility":"Expanded"},"BlockElements":[{"Type":"Question","QuestionID":"QID1"}]},{"Type":"Standard","SubType":"","Description":"intro","ID":"BL_bPZM6f48quZLtKR","BlockElements":[{"Type":"Question","QuestionID":"QID25"},{"Type":"Page Break"},{"Type":"Question","QuestionID":"QID26"}],"Options":{"BlockLocking":"false","RandomizeQuestions":"false","BlockVisibility":"Expanded"}}]},{"SurveyID":"SV_0ctBMsqd6ytUM5v","Element":"FL","PrimaryAttribute":"Survey Flow","SecondaryAttribute":null,"TertiaryAttribute":null,"Payload":{"Type":"Root","FlowID":"FL_1","Flow":[{"Type":"EmbeddedData","FlowID":"FL_3","EmbeddedData":[{"Description":"uni","Type":"Recipient","Field":"uni","VariableType":"String","DataVisibility":[],"AnalyzeText":false}]},{"ID":"BL_bPZM6f48quZLtKR","Type":"Standard","FlowID":"FL_5"},{"ID":"BL_byffPExui8Vreeh","Type":"Standard","FlowID":"FL_4"},{"Type":"Block","ID":"BL_72nY41ixSfDYJet","FlowID":"FL_2"}],"Properties":{"Count":5,"RemovedFieldsets":[]}}},{"SurveyID":"SV_0ctBMsqd6ytUM5v","Element":"SO","PrimaryAttribute":"Survey Options","SecondaryAttribute":null,"TertiaryAttribute":null,"Payload":{"BackButton":"false","SaveAndContinue":"true","SurveyProtection":"PublicSurvey","BallotBoxStuffingPrevention":"false","NoIndex":"Yes","SecureResponseFiles":"true","SurveyExpiration":null,"SurveyTermination":"Redirect","Header":"","Footer":"","ProgressBarDisplay":"None","PartialData":"+1 week","ValidationMessage":null,"PreviousButton":" \u2190 ","NextButton":" \u2192 ","SurveyTitle":"Online Survey Software | Qualtrics Survey Solutions","SkinLibrary":"elteppk","SkinType":"templated","Skin":{"brandingId":null,"templateId":"*2014","overrides":null},"NewScoring":1,"SurveyName":"HomeOffice_Main","CustomStyles":[],"EOSMessage":"","ShowExportTags":"false","CollectGeoLocation":"false","SurveyMetaDescription":"Qualtrics sophisticated online survey software solutions make creating online surveys easy. Learn more about Research Suite and get a free account today.","PasswordProtection":"No","AnonymizeResponse":"Yes","Password":"","RefererCheck":"No","RefererURL":"http:\/\/","UseCustomSurveyLinkCompletedMessage":null,"SurveyLinkCompletedMessage":"","SurveyLinkCompletedMessageLibrary":"","ResponseSummary":"No","EOSMessageLibrary":"","EOSRedirectURL":"https:\/\/elteppk.eu.qualtrics.com\/jfe\/form\/SV_08JLKHSvMByUH89","EmailThankYou":"false","ThankYouEmailMessageLibrary":null,"ThankYouEmailMessage":null,"ValidateMessage":"false","ValidationMessageLibrary":null,"InactiveSurvey":"DefaultMessage","PartialDataCloseAfter":"LastActivity","ActiveResponseSet":null,"InactiveMessageLibrary":"","InactiveMessage":"","AvailableLanguages":{"EN":[]},"ProtectSelectionIds":true}},{"SurveyID":"SV_0ctBMsqd6ytUM5v","Element":"SCO","PrimaryAttribute":"Scoring","SecondaryAttribute":null,"TertiaryAttribute":null,"Payload":{"ScoringCategories":[],"ScoringCategoryGroups":[],"ScoringSummaryCategory":null,"ScoringSummaryAfterQuestions":0,"ScoringSummaryAfterSurvey":0,"DefaultScoringCategory":null,"AutoScoringCategory":null}},{"SurveyID":"SV_0ctBMsqd6ytUM5v","Element":"PROJ","PrimaryAttribute":"CORE","SecondaryAttribute":null,"TertiaryAttribute":"1.1.0","Payload":{"ProjectCategory":"CORE","SchemaVersion":"1.1.0"}},{"SurveyID":"SV_0ctBMsqd6ytUM5v","Element":"STAT","PrimaryAttribute":"Survey Statistics","SecondaryAttribute":null,"TertiaryAttribute":null,"Payload":{"MobileCompatible":true,"ID":"Survey Statistics"}},{"SurveyID":"SV_0ctBMsqd6ytUM5v","Element":"QC","PrimaryAttribute":"Survey Question Count","SecondaryAttribute":"27","TertiaryAttribute":null,"Payload":null},{"SurveyID":"SV_0ctBMsqd6ytUM5v","Element":"SQ","PrimaryAttribute":"QID14","SecondaryAttribute":"Age group","TertiaryAttribute":null,"Payload":{"QuestionText":"Age group","DataExportTag":"age","QuestionType":"MC","Selector":"SAVR","SubSelector":"TX","Configuration":{"QuestionDescriptionOption":"UseText"},"QuestionDescription":"Age group","Choices":{"1":{"Display":"Under 24"},"2":{"Display":"25 - 34"},"3":{"Display":"35 - 44"},"4":{"Display":"45 - 54"},"5":{"Display":"55 - 64"},"6":{"Display":"65 - 74"},"7":{"Display":"75 - 84"},"8":{"Display":"85 or older"}},"ChoiceOrder":[1,2,3,4,5,6,7,8],"Validation":{"Settings":{"ForceResponse":"ON","ForceResponseType":"ON","Type":"None"}},"Language":[],"NextChoiceId":9,"NextAnswerId":1,"QuestionID":"QID14","DataVisibility":{"Private":false,"Hidden":false}}},{"SurveyID":"SV_0ctBMsqd6ytUM5v","Element":"SQ","PrimaryAttribute":"QID1","SecondaryAttribute":"Currently, I\u2019m working more from home than before the pandemic lockdown.","TertiaryAttribute":null,"Payload":{"QuestionText":"Currently, I\u2019m working more from home than before the pandemic lockdown.","DataExportTag":"working_home_time","QuestionType":"MC","Selector":"SAVR","SubSelector":"TX","Configuration":{"QuestionDescriptionOption":"UseText"},"QuestionDescription":"Currently, I\u2019m working more from home than before the pandemic lockdown.","Choices":{"1":{"Display":"Yes"},"2":{"Display":"No"}},"ChoiceOrder":[1,2],"Validation":{"Settings":{"ForceResponse":"ON","ForceResponseType":"ON","Type":"None"}},"Language":[],"NextChoiceId":3,"NextAnswerId":1,"QuestionID":"QID1","DefaultChoices":false,"DataVisibility":{"Private":false,"Hidden":false},"GradingData":[]}},{"SurveyID":"SV_0ctBMsqd6ytUM5v","Element":"RS","PrimaryAttribute":"RS_3xd5EdTchohX5ul","SecondaryAttribute":"Default Response Set","TertiaryAttribute":null,"Payload":null},{"SurveyID":"SV_0ctBMsqd6ytUM5v","Element":"SQ","PrimaryAttribute":"QID22","SecondaryAttribute":"Did you have to do home-schooling during the present pandemic?","TertiaryAttribute":null,"Payload":{"QuestionText":"Did you have to do home-schooling during the present pandemic?","DataExportTag":"homeschool","QuestionType":"MC","Selector":"SAVR","SubSelector":"TX","Configuration":{"QuestionDescriptionOption":"UseText","Autoscale":{"YScale":{"Name":"yesNo","Type":"likert","Reverse":false}}},"QuestionDescription":"Did you have to do home-schooling during the present pandemic?","Choices":{"1":{"Display":"Yes"},"2":{"Display":"No"}},"ChoiceOrder":[1,2],"Validation":{"Settings":{"ForceResponse":"ON","ForceResponseType":"ON","Type":"None"}},"Language":[],"NextChoiceId":3,"NextAnswerId":1,"QuestionID":"QID22","DataVisibility":{"Private":false,"Hidden":false}}},{"SurveyID":"SV_0ctBMsqd6ytUM5v","Element":"SQ","PrimaryAttribute":"QID15","SecondaryAttribute":"Do you have educational duties at work?","TertiaryAttribute":null,"Payload":{"QuestionText":"Do you have educational duties at work?","DataExportTag":"edu_duties","QuestionType":"MC","Selector":"SAVR","SubSelector":"TX","Configuration":{"QuestionDescriptionOption":"UseText","Autoscale":{"YScale":{"Name":"yesNo","Type":"likert","Reverse":false}}},"QuestionDescription":"Do you have educational duties at work?","Choices":{"1":{"Display":"Yes"},"2":{"Display":"No"}},"ChoiceOrder":[1,2],"Validation":{"Settings":{"ForceResponse":"ON","ForceResponseType":"ON","Type":"None"}},"Language":[],"NextChoiceId":3,"NextAnswerId":1,"QuestionID":"QID15","DataVisibility":{"Private":false,"Hidden":false}}},{"SurveyID":"SV_0ctBMsqd6ytUM5v","Element":"SQ","PrimaryAttribute":"QID8","SecondaryAttribute":"Do you think that it would be feasible to work more from home in the future, considering all your...","TertiaryAttribute":null,"Payload":{"QuestionText":"Do you think that it would be feasible to work more from home in the future, considering all your other duties (education, administration, etc.) and given the circumstances at home (infrastructure, level of disturbance)?","DataExportTag":"feasible","QuestionType":"MC","Selector":"SAVR","SubSelector":"TX","Configuration":{"QuestionDescriptionOption":"UseText","Autoscale":{"YScale":{"Name":"yesNo","Type":"likert","Reverse":false}}},"QuestionDescription":"Do you think that it would be feasible to work more from home in the future, considering all your...","Choices":{"1":{"Display":"Yes"},"2":{"Display":"No"}},"ChoiceOrder":[1,2],"Validation":{"Settings":{"ForceResponse":"ON","ForceResponseType":"ON","Type":"None"}},"Language":[],"NextChoiceId":3,"NextAnswerId":1,"QuestionID":"QID8","DataVisibility":{"Private":false,"Hidden":false}}},{"SurveyID":"SV_0ctBMsqd6ytUM5v","Element":"SQ","PrimaryAttribute":"QID16","SecondaryAttribute":"Does your research require intensive team-work?","TertiaryAttribute":null,"Payload":{"QuestionText":"Does your research require intensive team-work?","DataExportTag":"team_work","QuestionType":"MC","Selector":"SAVR","SubSelector":"TX","Configuration":{"QuestionDescriptionOption":"UseText","Autoscale":{"YScale":{"Name":"yesNo","Type":"likert","Reverse":false}}},"QuestionDescription":"Does your research require intensive team-work?","Choices":{"1":{"Display":"Yes"},"2":{"Display":"No"}},"ChoiceOrder":[1,2],"Validation":{"Settings":{"ForceResponse":"ON","ForceResponseType":"ON","Type":"None"}},"Language":[],"NextChoiceId":3,"NextAnswerId":1,"QuestionID":"QID16","DataVisibility":{"Private":false,"Hidden":false}}},{"SurveyID":"SV_0ctBMsqd6ytUM5v","Element":"SQ","PrimaryAttribute":"QID13","SecondaryAttribute":"Gender","TertiaryAttribute":null,"Payload":{"QuestionText":"Gender","DataExportTag":"gender","QuestionType":"MC","Selector":"SAVR","SubSelector":"TX","Configuration":{"QuestionDescriptionOption":"UseText","Autoscale":{"YScale":{"Name":"maleFemale","Type":"likert","Reverse":false}}},"QuestionDescription":"Gender","Choices":{"1":{"Display":"Male"},"2":{"Display":"Female"},"3":{"Display":"Other"},"4":{"Display":"Prefer not to say"}},"ChoiceOrder":[2,1,3,4],"Validation":{"Settings":{"ForceResponse":"ON","ForceResponseType":"ON","Type":"None"}},"Language":[],"NextChoiceId":5,"NextAnswerId":1,"QuestionID":"QID13","DataVisibility":{"Private":false,"Hidden":false}}},{"SurveyID":"SV_0ctBMsqd6ytUM5v","Element":"SQ","PrimaryAttribute":"QID5","SecondaryAttribute":"How do you compare working from home to working in the office? Where can you better achieve the f...","TertiaryAttribute":null,"Payload":{"QuestionText":"How do you compare working from home to working in the office? Where can you better achieve the following aims?<br \/>\n<em>Put your answer as close to a location as it is more achievable there.<\/em>","DefaultChoices":false,"DataExportTag":"home_office_aspect","QuestionID":"QID5","QuestionType":"Matrix","Selector":"Likert","SubSelector":"SingleAnswer","Configuration":{"QuestionDescriptionOption":"UseText","TextPosition":"inline","ChoiceColumnWidth":25,"RepeatHeaders":"none","WhiteSpace":"OFF","MobileFirst":true},"QuestionDescription":"How do you compare working from home to working in the office? Where can you better achieve the f...","Choices":{"1":{"Display":"Optimally organizing my time"},"2":{"Display":"Optimally organizing my tasks"},"3":{"Display":"Keeping focused on my tasks"},"4":{"Display":"Keeping in touch with my team"},"5":{"Display":"Sharing thoughts with colleagues"},"6":{"Display":"Getting support from colleagues"},"7":{"Display":"Working on my manuscript"},"8":{"Display":"Analyzing my data"},"9":{"Display":"Reading the literature"},"10":{"Display":"Collecting data"},"11":{"Display":"Having the infrastructure that my research work needs (IT, books, instruments)"},"12":{"Display":"Maintaining emotional balance"},"13":{"Display":"Maintaining work-life balance"},"14":{"Display":"Keeping good relationship with colleagues"},"15":{"Display":"Developing new skills"}},"ChoiceOrder":[1,2,3,4,5,6,7,8,9,10,11,12,13,14,15],"Validation":{"Settings":{"ForceResponse":"ON","ForceResponseType":"ON","Type":"None"}},"GradingData":[],"Language":[],"NextChoiceId":16,"NextAnswerId":8,"Answers":{"1":{"Display":"<div style=\"text-align: center;\"><strong>At home<\/strong><\/div>\n\n<div style=\"text-align: center;\">1<\/div>\n"},"2":{"Display":"2"},"3":{"Display":"3"},"4":{"Display":"4"},"5":{"Display":"5"},"6":{"Display":"6"},"7":{"Display":"<div style=\"text-align: center;\"><strong>In the office<\/strong><br \/>\n7<\/div>\n"}},"AnswerOrder":[1,2,3,4,5,6,7],"ChoiceDataExportTags":false,"DataVisibility":{"Private":false,"Hidden":false}}},{"SurveyID":"SV_0ctBMsqd6ytUM5v","Element":"SQ","PrimaryAttribute":"QID20","SecondaryAttribute":"How far is your office from home?","TertiaryAttribute":null,"Payload":{"QuestionText":"How far is your office from home?","DataExportTag":"work_home_dist","QuestionType":"MC","Selector":"SAVR","SubSelector":"TX","Configuration":{"QuestionDescriptionOption":"UseText"},"QuestionDescription":"How far is your office from home?","Choices":{"1":{"Display":"&lt;30 min"},"2":{"Display":"30-60 min"},"3":{"Display":">60 min"}},"ChoiceOrder":["1","2","3"],"Validation":{"Settings":{"ForceResponse":"ON","ForceResponseType":"ON","Type":"None"}},"Language":[],"NextChoiceId":4,"NextAnswerId":1,"QuestionID":"QID20","DataVisibility":{"Private":false,"Hidden":false}}},{"SurveyID":"SV_0ctBMsqd6ytUM5v","Element":"SQ","PrimaryAttribute":"QID24","SecondaryAttribute":"If you have any other comments on the topic or the study, you can write them here:","TertiaryAttribute":null,"Payload":{"QuestionText":"If you have any other comments on the topic or the study, you can write them here:","DefaultChoices":false,"DataExportTag":"comment","QuestionID":"QID24","QuestionType":"TE","Selector":"ESTB","Configuration":{"QuestionDescriptionOption":"UseText","InputWidth":589,"InputHeight":135},"QuestionDescription":"If you have any other comments on the topic or the study, you can write them here:","Validation":{"Settings":{"ForceResponse":"OFF","ForceResponseType":"ON","Type":"None"}},"GradingData":[],"Language":[],"NextChoiceId":4,"NextAnswerId":1,"SearchSource":{"AllowFreeResponse":"false"},"DataVisibility":{"Private":false,"Hidden":false}}},{"SurveyID":"SV_0ctBMsqd6ytUM5v","Element":"SQ","PrimaryAttribute":"QID7","SecondaryAttribute":"In the future, how much working from home would be ideal for you concerning both research efficie...","TertiaryAttribute":null,"Payload":{"QuestionText":"In the future, how much working from home would be ideal for you concerning both research efficiency and work-life balance? What percentage of your work time would you wish to work from home?","DefaultChoices":false,"DataExportTag":"future_home_prop","QuestionType":"Slider","Selector":"HSLIDER","DataVisibility":{"Private":false,"Hidden":false},"Configuration":{"QuestionDescriptionOption":"UseText","CSSliderMin":0,"CSSliderMax":100,"GridLines":10,"SnapToGrid":false,"NumDecimals":"0","ShowValue":true,"CustomStart":false,"NotApplicable":false,"MobileFirst":true},"QuestionDescription":"In the future, how much working from home would be ideal for you concerning both research efficie...","Choices":{"1":{"Display":"Percentage of worktime"}},"ChoiceOrder":[1],"Validation":{"Settings":{"ForceResponse":"ON","ForceResponseType":"ON","Type":"None"}},"GradingData":[],"Language":[],"NextChoiceId":2,"NextAnswerId":1,"Labels":[],"QuestionID":"QID7"}},{"SurveyID":"SV_0ctBMsqd6ytUM5v","Element":"SQ","PrimaryAttribute":"QID18","SecondaryAttribute":"Living situation","TertiaryAttribute":null,"Payload":{"QuestionText":"Living situation","DataExportTag":"living_sit","QuestionType":"MC","Selector":"SAVR","SubSelector":"TX","Configuration":{"QuestionDescriptionOption":"UseText"},"QuestionDescription":"Living situation","Choices":{"1":{"Display":"Living alone"},"2":{"Display":"Living only with partner"},"3":{"Display":"Living with non-family others"},"4":{"Display":"Living with partner and non-adult child(ren)"},"5":{"Display":"Single-parent with non-adult child(ren)"},"6":{"Display":"Living with parents or other adult family members"},"7":{"Display":"Other:","TextEntry":"true"}},"ChoiceOrder":[1,2,3,4,5,6,7],"Validation":{"Settings":{"ForceResponse":"ON","ForceResponseType":"ON","Type":"None"}},"Language":[],"NextChoiceId":8,"NextAnswerId":1,"QuestionID":"QID18","DataVisibility":{"Private":false,"Hidden":false}}},{"SurveyID":"SV_0ctBMsqd6ytUM5v","Element":"SQ","PrimaryAttribute":"QID3","SecondaryAttribute":"My present and earlier experiences tell me that after the lockdown, working more from home would...","TertiaryAttribute":null,"Payload":{"QuestionText":"My present and earlier experiences tell me that after the lockdown, working more from home would make my research work, in general,&nbsp; ______________&nbsp; compared to my work before the lockdown.","DataExportTag":"Q3","QuestionType":"MC","Selector":"SAVR","SubSelector":"TX","Configuration":{"QuestionDescriptionOption":"UseText"},"QuestionDescription":"My present and earlier experiences tell me that after the lockdown, working more from home would...","Choices":{"1":{"Display":"Click to write Choice 1"},"2":{"Display":"Click to write Choice 2"},"3":{"Display":"Click to write Choice 3"}},"ChoiceOrder":["1","2","3"],"Validation":{"Settings":{"ForceResponse":"OFF","ForceResponseType":"ON","Type":"None"}},"Language":[],"NextChoiceId":4,"NextAnswerId":1,"QuestionID":"QID3"}},{"SurveyID":"SV_0ctBMsqd6ytUM5v","Element":"SQ","PrimaryAttribute":"QID4","SecondaryAttribute":"My present and earlier experiences tell me that after the lockdown, working more from home would...","TertiaryAttribute":null,"Payload":{"QuestionText":"My present and earlier experiences tell me that after the lockdown, working more from home would make my research work, in general,&nbsp; ______________&nbsp; compared to my work before the lockdown.","DataExportTag":"now_later_eff","QuestionType":"MC","Selector":"SAVR","SubSelector":"TX","DataVisibility":{"Private":false,"Hidden":false},"Configuration":{"QuestionDescriptionOption":"UseText"},"QuestionDescription":"My present and earlier experiences tell me that after the lockdown, working more from home would...","Choices":{"1":{"Display":"less efficient"},"2":{"Display":"more efficient"},"3":{"Display":"similarly efficient"}},"ChoiceOrder":["1","3","2"],"Validation":{"Settings":{"ForceResponse":"ON","ForceResponseType":"ON","Type":"None"}},"Language":[],"NextChoiceId":4,"NextAnswerId":1,"QuestionID":"QID4"}},{"SurveyID":"SV_0ctBMsqd6ytUM5v","Element":"SQ","PrimaryAttribute":"QID17","SecondaryAttribute":"Office setup at home","TertiaryAttribute":null,"Payload":{"QuestionText":"Office setup at home","DataExportTag":"office_setup","QuestionType":"MC","Selector":"SAVR","SubSelector":"TX","Configuration":{"QuestionDescriptionOption":"UseText"},"QuestionDescription":"Office setup at home","Choices":{"1":{"Display":"Fully equipped"},"2":{"Display":"Underequipped"}},"ChoiceOrder":[1,2],"Validation":{"Settings":{"ForceResponse":"ON","ForceResponseType":"ON","Type":"None"}},"Language":[],"NextChoiceId":3,"NextAnswerId":1,"QuestionID":"QID17","DataVisibility":{"Private":false,"Hidden":false}}},{"SurveyID":"SV_0ctBMsqd6ytUM5v","Element":"SQ","PrimaryAttribute":"QID26","SecondaryAttribute":"Please answer the below questions concerning your experience with the efficiency of your research...","TertiaryAttribute":null,"Payload":{"QuestionText":"Please answer the below questions concerning your experience with the efficiency of your research and your work-life balance while&nbsp;working from home.&nbsp;Here a research work is meant to be efficient if the researcher can spend their resources on activities that can bring them closer to answering their research question.","DefaultChoices":false,"DataExportTag":"efficiency_desc","QuestionType":"DB","Selector":"TB","Configuration":{"QuestionDescriptionOption":"UseText"},"QuestionDescription":"Please answer the below questions concerning your experience with the efficiency of your research...","ChoiceOrder":[],"Validation":{"Settings":{"Type":"None"}},"GradingData":[],"Language":[],"NextChoiceId":4,"NextAnswerId":1,"QuestionID":"QID26","DataVisibility":{"Private":false,"Hidden":false}}},{"SurveyID":"SV_0ctBMsqd6ytUM5v","Element":"SQ","PrimaryAttribute":"QID21","SecondaryAttribute":"Please indicate how many children do you live with from the age groups below?\u00a0 The age groups are..","TertiaryAttribute":null,"Payload":{"QuestionText":"Please indicate how many children do you live with from the age groups below?&nbsp;<div><i>The age groups are presented in years.<\/i><\/div>","DefaultChoices":{"2":{"TEXT":{"Text":"0"}},"23":{"TEXT":{"Text":"0"}},"24":{"TEXT":{"Text":"0"}},"25":{"TEXT":{"Text":"0"}},"26":{"TEXT":{"Text":"0"}},"27":{"TEXT":{"Text":"0"}}},"DataExportTag":"children","QuestionID":"QID21","QuestionType":"TE","Selector":"FORM","DataVisibility":{"Private":false,"Hidden":false},"Configuration":{"QuestionDescriptionOption":"UseText","NumColumns":3},"QuestionDescription":"Please indicate how many children do you live with from the age groups below?\u00a0 The age groups are...","Choices":{"2":{"Display":"&lt;1","TextEntry":"on","InputHeight":29,"InputWidth":60,"TextEntryLength":"Short","TextEntryValidation":"ValidNumber"},"23":{"Display":"1 - 3","TextEntry":"on","InputHeight":29,"InputWidth":60,"TextEntryLength":"Short","TextEntryValidation":"ValidNumber"},"24":{"Display":"4 - 6","TextEntry":"on","InputHeight":29,"InputWidth":60,"TextEntryLength":"Short","TextEntryValidation":"ValidNumber"},"25":{"Display":"7 - 12","TextEntry":"on","InputHeight":29,"InputWidth":60,"TextEntryLength":"Short","TextEntryValidation":"ValidNumber"},"26":{"Display":"13 - 18","TextEntry":"on","InputHeight":29,"InputWidth":60,"TextEntryLength":"Short","TextEntryValidation":"ValidNumber"},"27":{"Display":"18<","TextEntry":"on","InputHeight":29,"InputWidth":60,"TextEntryLength":"Short","TextEntryValidation":"ValidNumber"}},"ChoiceOrder":[2,"23","24","25","26","27"],"Validation":{"Settings":{"ForceResponse":"OFF","ForceResponseType":"ON","Type":null}},"GradingData":[],"Language":[],"NextChoiceId":30,"NextAnswerId":1,"SearchSource":{"AllowFreeResponse":"false"}}},{"SurveyID":"SV_0ctBMsqd6ytUM5v","Element":"SQ","PrimaryAttribute":"QID6","SecondaryAttribute":"Prior to the present pandemic emergency, what percentage of your work time did you spend working...","TertiaryAttribute":null,"Payload":{"QuestionText":"Prior to the present pandemic emergency, what percentage of your work time did you spend working from home?&nbsp;","DefaultChoices":false,"DataExportTag":"prior_home_prop","QuestionID":"QID6","QuestionType":"Slider","Selector":"HSLIDER","Configuration":{"QuestionDescriptionOption":"UseText","CSSliderMin":0,"CSSliderMax":100,"GridLines":10,"SnapToGrid":false,"NumDecimals":"0","ShowValue":true,"CustomStart":false,"NotApplicable":false,"MobileFirst":true},"QuestionDescription":"Prior to the present pandemic emergency, what percentage of your work time did you spend working...","Choices":{"1":{"Display":"Percentage of worktime"}},"ChoiceOrder":[1],"Validation":{"Settings":{"ForceResponse":"ON","ForceResponseType":"ON","Type":"None"}},"GradingData":[],"Language":[],"NextChoiceId":2,"NextAnswerId":1,"Labels":[],"DataVisibility":{"Private":false,"Hidden":false}}},{"SurveyID":"SV_0ctBMsqd6ytUM5v","Element":"SQ","PrimaryAttribute":"QID2","SecondaryAttribute":"Try to compare the efficiency of your research work during the coronavirus lockdown to your effic...","TertiaryAttribute":null,"Payload":{"QuestionText":"Try to compare the efficiency of your research work during the coronavirus lockdown to your efficiency before the lockdown.<div>My research work due to working more from home, in general, is&nbsp; ______________&nbsp; compared to my work before the lockdown.<\/div>","DataExportTag":"now_before_eff","QuestionType":"MC","Selector":"SAVR","SubSelector":"TX","Configuration":{"QuestionDescriptionOption":"UseText"},"QuestionDescription":"Try to compare the efficiency of your research work during the coronavirus lockdown to your effic...","Choices":{"1":{"Display":"less efficient"},"2":{"Display":"more efficient"},"3":{"Display":"similarly efficient"}},"ChoiceOrder":["1","3","2"],"Validation":{"Settings":{"ForceResponse":"ON","ForceResponseType":"ON","Type":"None"}},"Language":[],"NextChoiceId":4,"NextAnswerId":1,"QuestionID":"QID2","DisplayLogic":{"0":{"0":{"LogicType":"Question","QuestionID":"QID1","QuestionIsInLoop":"no","ChoiceLocator":"q:\/\/QID1\/SelectableChoice\/1","Operator":"Selected","QuestionIDFromLocator":"QID1","LeftOperand":"q:\/\/QID1\/SelectableChoice\/1","Type":"Expression","Description":"<span class=\"ConjDesc\">If<\/span> <span class=\"QuestionDesc\">Currently, I\u2019m working more from home than before the pandemic lockdown.<\/span> <span class=\"LeftOpDesc\">Yes<\/span> <span class=\"OpDesc\">Is Selected<\/span> "},"Type":"If"},"Type":"BooleanExpression","inPage":false},"DataVisibility":{"Private":false,"Hidden":false}}},{"SurveyID":"SV_0ctBMsqd6ytUM5v","Element":"SQ","PrimaryAttribute":"QID11","SecondaryAttribute":"Type of workplace","TertiaryAttribute":null,"Payload":{"QuestionText":"Type of workplace","DataExportTag":"wokrplace_type","QuestionType":"MC","Selector":"SAVR","SubSelector":"TX","Configuration":{"QuestionDescriptionOption":"UseText"},"QuestionDescription":"Type of workplace","Choices":{"1":{"Display":"Purely research institute"},"2":{"Display":"Research and educational institute"},"3":{"Display":"Purely educational institute"},"4":{"Display":"None of them"}},"ChoiceOrder":[1,2,3,4],"Validation":{"Settings":{"ForceResponse":"ON","ForceResponseType":"ON","Type":"None"}},"Language":[],"NextChoiceId":5,"NextAnswerId":1,"QuestionID":"QID11","DataVisibility":{"Private":false,"Hidden":false}}},{"SurveyID":"SV_0ctBMsqd6ytUM5v","Element":"SQ","PrimaryAttribute":"QID12","SecondaryAttribute":"Typically, is it possible for you to collect your data remotely?","TertiaryAttribute":null,"Payload":{"QuestionText":"Typically, is it possible for you to collect your data remotely?","DataExportTag":"data_coll_remote","QuestionType":"MC","Selector":"SAVR","SubSelector":"TX","Configuration":{"QuestionDescriptionOption":"UseText"},"QuestionDescription":"Typically, is it possible for you to collect your data remotely?","Choices":{"1":{"Display":"Yes (including if someone else does it for me)"},"2":{"Display":"No"},"3":{"Display":"N\/A"}},"ChoiceOrder":[1,2,"3"],"Validation":{"Settings":{"ForceResponse":"ON","ForceResponseType":"ON","Type":"None"}},"Language":[],"NextChoiceId":4,"NextAnswerId":1,"QuestionID":"QID12","DataVisibility":{"Private":false,"Hidden":false},"AnalyzeChoices":{"3":"No"}}},{"SurveyID":"SV_0ctBMsqd6ytUM5v","Element":"SQ","PrimaryAttribute":"QID23","SecondaryAttribute":"Was there someone else looking after your child(ren) during your work from home during the lockdown?","TertiaryAttribute":null,"Payload":{"QuestionText":"Was there someone else looking after your child(ren) during your work from home during the lockdown?","DataExportTag":"childcare_help","QuestionType":"MC","Selector":"SAVR","SubSelector":"TX","Configuration":{"QuestionDescriptionOption":"UseText"},"QuestionDescription":"Was there someone else looking after your child(ren) during your work from home during the lockdown?","Choices":{"1":{"Display":"N\/A"},"2":{"Display":"Yes"},"3":{"Display":"No"}},"ChoiceOrder":["1","2","3"],"Validation":{"Settings":{"ForceResponse":"ON","ForceResponseType":"ON","Type":"None"}},"Language":[],"NextChoiceId":4,"NextAnswerId":1,"QuestionID":"QID23","AnalyzeChoices":{"1":"No"},"DataVisibility":{"Private":false,"Hidden":false}}},{"SurveyID":"SV_0ctBMsqd6ytUM5v","Element":"SQ","PrimaryAttribute":"QID19","SecondaryAttribute":"Was your partner also working from home during the pandemic?","TertiaryAttribute":null,"Payload":{"QuestionText":"Was your partner also working from home during the pandemic?","DataExportTag":"partner_work","QuestionType":"MC","Selector":"SAVR","SubSelector":"TX","Configuration":{"QuestionDescriptionOption":"UseText"},"QuestionDescription":"Was your partner also working from home during the pandemic?","Choices":{"1":{"Display":"N\/A"},"2":{"Display":"Yes"},"3":{"Display":"No"}},"ChoiceOrder":["1","2","3"],"Validation":{"Settings":{"ForceResponse":"ON","ForceResponseType":"ON","Type":"None"}},"Language":[],"NextChoiceId":4,"NextAnswerId":1,"QuestionID":"QID19","AnalyzeChoices":{"1":"No"},"DataVisibility":{"Private":false,"Hidden":false}}},{"SurveyID":"SV_0ctBMsqd6ytUM5v","Element":"SQ","PrimaryAttribute":"QID25","SecondaryAttribute":"We would like to explore how researchers cope with working from home or away from their office\/la...","TertiaryAttribute":null,"Payload":{"QuestionText":"We would like to explore how researchers cope with working from home or away from their office\/lab (we will call all remote options &quot;working from home&quot;).<br \/>\n<br \/>\nFrom our survey results, we will create recommendations for institutions on how to support researchers&#39; efficiency and work-life balance regarding their options and conditions for working from home.\n<div>&nbsp;<\/div>\n\n<div>After responding, you can sign up to win a 100 USD Amazon (or your choice) voucher.<br \/>\n<br \/>\nAnswering our questions should take approx. 4 minutes.<br \/>\n<br \/>\nBy submitting your responses, you agree to participate in the survey and that we can share your anonymous responses.<br \/>\nSee the consent details <a href=\"https:\/\/osf.io\/kvzh4\/\">here<\/a>,&nbsp;preregistration of the project <a href=\"https:\/\/osf.io\/jg5bz\">here<\/a>.<\/div>","DefaultChoices":false,"DataExportTag":"intro","QuestionID":"QID25","QuestionType":"DB","Selector":"TB","Configuration":{"QuestionDescriptionOption":"UseText"},"QuestionDescription":"We would like to explore how researchers cope with working from home or away from their office\/la...","ChoiceOrder":[],"Validation":{"Settings":{"Type":"None"}},"GradingData":[],"Language":[],"NextChoiceId":1,"NextAnswerId":1,"DataVisibility":{"Private":false,"Hidden":false}}},{"SurveyID":"SV_0ctBMsqd6ytUM5v","Element":"SQ","PrimaryAttribute":"QID27","SecondaryAttribute":"What would you need from your organization in order to working from home in an efficient way? (Ch...","TertiaryAttribute":null,"Payload":{"QuestionText":"<p>What would you need from your organization in order to working from home in an efficient way?<\/p><p>(Choose all the options you find important.)<\/p><br><p><\/p><p><\/p>","DataExportTag":"need_from_org","QuestionType":"MC","Selector":"MAVR","SubSelector":"TX","Configuration":{"QuestionDescriptionOption":"UseText"},"QuestionDescription":"What would you need from your organization in order to working from home in an efficient way? (Ch...","Choices":{"1":{"Display":"Better communication"},"4":{"Display":"Better computer facilities"},"7":{"Display":"Support for problems regarding combining work with family life"},"9":{"Display":"More tips on working from home"},"10":{"Display":"Administrative flexibility during lockdowns"},"11":{"Display":"Other:","TextEntry":"true"}},"ChoiceOrder":["1","4","7","9","10","11"],"Validation":{"Settings":{"ForceResponse":"OFF","ForceResponseType":"ON","Type":"None"}},"Language":[],"NextChoiceId":12,"NextAnswerId":1,"QuestionID":"QID27","DefaultChoices":false,"GradingData":[],"DataVisibility":{"Private":false,"Hidden":false}}},{"SurveyID":"SV_0ctBMsqd6ytUM5v","Element":"SQ","PrimaryAttribute":"QID10","SecondaryAttribute":"What's your area of research?","TertiaryAttribute":null,"Payload":{"QuestionText":"What's your area of research?","DataExportTag":"area_of_research","QuestionType":"MC","Selector":"SAVR","SubSelector":"TX","Configuration":{"QuestionDescriptionOption":"UseText"},"QuestionDescription":"What's your area of research?","Choices":{"1":{"Display":"Social Sciences"},"2":{"Display":"Earth & Space Sciences"},"3":{"Display":"Physical Sciences"},"4":{"Display":"Formal Sciences"},"5":{"Display":"Life Sciences"},"6":{"Display":"Other:","TextEntry":"true"}},"ChoiceOrder":[1,2,3,4,5,6],"Validation":{"Settings":{"ForceResponse":"ON","ForceResponseType":"ON","Type":"None"}},"Language":[],"NextChoiceId":7,"NextAnswerId":1,"QuestionID":"QID10","DataVisibility":{"Private":false,"Hidden":false}}},{"SurveyID":"SV_0ctBMsqd6ytUM5v","Element":"SQ","PrimaryAttribute":"QID9","SecondaryAttribute":"Your position","TertiaryAttribute":null,"Payload":{"QuestionText":"Your position","DataExportTag":"position","QuestionType":"MC","Selector":"SAVR","SubSelector":"TX","Configuration":{"QuestionDescriptionOption":"UseText"},"QuestionDescription":"Your position","Choices":{"1":{"Display":"full professor"},"2":{"Display":"associate professor"},"3":{"Display":"assistant professor"},"4":{"Display":"postdoc"},"5":{"Display":"research assistant"},"6":{"Display":"non-academic researcher"},"7":{"Display":"PhD student"}},"ChoiceOrder":[1,2,3,4,"7",5,6],"Validation":{"Settings":{"ForceResponse":"ON","ForceResponseType":"ON","Type":"None"}},"Language":[],"NextChoiceId":8,"NextAnswerId":1,"QuestionID":"QID9","DataVisibility":{"Private":false,"Hidden":false}}}]}